// !$*UTF8*$!
{
	archiveVersion = 1;
	classes = {
	};
	objectVersion = 46;
	objects = {

/* Begin PBXBuildFile section */
		9DE3304A1C017294007B6F58 /* AppDelegate.swift in Sources */ = {isa = PBXBuildFile; fileRef = 9DE330491C017294007B6F58 /* AppDelegate.swift */; };
		9DE3304C1C017294007B6F58 /* ViewController.swift in Sources */ = {isa = PBXBuildFile; fileRef = 9DE3304B1C017294007B6F58 /* ViewController.swift */; };
		9DE3304F1C017294007B6F58 /* Main.storyboard in Resources */ = {isa = PBXBuildFile; fileRef = 9DE3304D1C017294007B6F58 /* Main.storyboard */; };
		9DE330521C017294007B6F58 /* pacr.xcdatamodeld in Sources */ = {isa = PBXBuildFile; fileRef = 9DE330501C017294007B6F58 /* pacr.xcdatamodeld */; };
		9DE330541C017294007B6F58 /* Assets.xcassets in Resources */ = {isa = PBXBuildFile; fileRef = 9DE330531C017294007B6F58 /* Assets.xcassets */; };
		9DE330571C017294007B6F58 /* LaunchScreen.storyboard in Resources */ = {isa = PBXBuildFile; fileRef = 9DE330551C017294007B6F58 /* LaunchScreen.storyboard */; };
		9DE330621C017296007B6F58 /* pacrTests.swift in Sources */ = {isa = PBXBuildFile; fileRef = 9DE330611C017296007B6F58 /* pacrTests.swift */; };
		9DE3306D1C017296007B6F58 /* pacrUITests.swift in Sources */ = {isa = PBXBuildFile; fileRef = 9DE3306C1C017296007B6F58 /* pacrUITests.swift */; };
/* End PBXBuildFile section */

/* Begin PBXContainerItemProxy section */
		9DE3305E1C017296007B6F58 /* PBXContainerItemProxy */ = {
			isa = PBXContainerItemProxy;
			containerPortal = 9DE3303E1C017294007B6F58 /* Project object */;
			proxyType = 1;
			remoteGlobalIDString = 9DE330451C017294007B6F58;
			remoteInfo = pacr;
		};
		9DE330691C017296007B6F58 /* PBXContainerItemProxy */ = {
			isa = PBXContainerItemProxy;
			containerPortal = 9DE3303E1C017294007B6F58 /* Project object */;
			proxyType = 1;
			remoteGlobalIDString = 9DE330451C017294007B6F58;
			remoteInfo = pacr;
		};
/* End PBXContainerItemProxy section */

/* Begin PBXFileReference section */
		9DE330461C017294007B6F58 /* pacr.app */ = {isa = PBXFileReference; explicitFileType = wrapper.application; includeInIndex = 0; path = pacr.app; sourceTree = BUILT_PRODUCTS_DIR; };
		9DE330491C017294007B6F58 /* AppDelegate.swift */ = {isa = PBXFileReference; lastKnownFileType = sourcecode.swift; path = AppDelegate.swift; sourceTree = "<group>"; };
		9DE3304B1C017294007B6F58 /* ViewController.swift */ = {isa = PBXFileReference; lastKnownFileType = sourcecode.swift; path = ViewController.swift; sourceTree = "<group>"; };
		9DE3304E1C017294007B6F58 /* Base */ = {isa = PBXFileReference; lastKnownFileType = file.storyboard; name = Base; path = Base.lproj/Main.storyboard; sourceTree = "<group>"; };
		9DE330511C017294007B6F58 /* pacr.xcdatamodel */ = {isa = PBXFileReference; lastKnownFileType = wrapper.xcdatamodel; path = pacr.xcdatamodel; sourceTree = "<group>"; };
		9DE330531C017294007B6F58 /* Assets.xcassets */ = {isa = PBXFileReference; lastKnownFileType = folder.assetcatalog; path = Assets.xcassets; sourceTree = "<group>"; };
		9DE330561C017294007B6F58 /* Base */ = {isa = PBXFileReference; lastKnownFileType = file.storyboard; name = Base; path = Base.lproj/LaunchScreen.storyboard; sourceTree = "<group>"; };
		9DE330581C017294007B6F58 /* Info.plist */ = {isa = PBXFileReference; lastKnownFileType = text.plist.xml; path = Info.plist; sourceTree = "<group>"; };
		9DE3305D1C017296007B6F58 /* pacrTests.xctest */ = {isa = PBXFileReference; explicitFileType = wrapper.cfbundle; includeInIndex = 0; path = pacrTests.xctest; sourceTree = BUILT_PRODUCTS_DIR; };
		9DE330611C017296007B6F58 /* pacrTests.swift */ = {isa = PBXFileReference; lastKnownFileType = sourcecode.swift; path = pacrTests.swift; sourceTree = "<group>"; };
		9DE330631C017296007B6F58 /* Info.plist */ = {isa = PBXFileReference; lastKnownFileType = text.plist.xml; path = Info.plist; sourceTree = "<group>"; };
		9DE330681C017296007B6F58 /* pacrUITests.xctest */ = {isa = PBXFileReference; explicitFileType = wrapper.cfbundle; includeInIndex = 0; path = pacrUITests.xctest; sourceTree = BUILT_PRODUCTS_DIR; };
		9DE3306C1C017296007B6F58 /* pacrUITests.swift */ = {isa = PBXFileReference; lastKnownFileType = sourcecode.swift; path = pacrUITests.swift; sourceTree = "<group>"; };
		9DE3306E1C017296007B6F58 /* Info.plist */ = {isa = PBXFileReference; lastKnownFileType = text.plist.xml; path = Info.plist; sourceTree = "<group>"; };
/* End PBXFileReference section */

/* Begin PBXFrameworksBuildPhase section */
		9DE330431C017294007B6F58 /* Frameworks */ = {
			isa = PBXFrameworksBuildPhase;
			buildActionMask = 2147483647;
			files = (
			);
			runOnlyForDeploymentPostprocessing = 0;
		};
		9DE3305A1C017296007B6F58 /* Frameworks */ = {
			isa = PBXFrameworksBuildPhase;
			buildActionMask = 2147483647;
			files = (
			);
			runOnlyForDeploymentPostprocessing = 0;
		};
		9DE330651C017296007B6F58 /* Frameworks */ = {
			isa = PBXFrameworksBuildPhase;
			buildActionMask = 2147483647;
			files = (
			);
			runOnlyForDeploymentPostprocessing = 0;
		};
/* End PBXFrameworksBuildPhase section */

/* Begin PBXGroup section */
		9DE3303D1C017294007B6F58 = {
			isa = PBXGroup;
			children = (
				9DE330481C017294007B6F58 /* pacr */,
				9DE330601C017296007B6F58 /* pacrTests */,
				9DE3306B1C017296007B6F58 /* pacrUITests */,
				9DE330471C017294007B6F58 /* Products */,
			);
			sourceTree = "<group>";
		};
		9DE330471C017294007B6F58 /* Products */ = {
			isa = PBXGroup;
			children = (
				9DE330461C017294007B6F58 /* pacr.app */,
				9DE3305D1C017296007B6F58 /* pacrTests.xctest */,
				9DE330681C017296007B6F58 /* pacrUITests.xctest */,
			);
			name = Products;
			sourceTree = "<group>";
		};
		9DE330481C017294007B6F58 /* pacr */ = {
			isa = PBXGroup;
			children = (
				9DE330491C017294007B6F58 /* AppDelegate.swift */,
				9DE3304B1C017294007B6F58 /* ViewController.swift */,
				9DE3304D1C017294007B6F58 /* Main.storyboard */,
				9DE330531C017294007B6F58 /* Assets.xcassets */,
				9DE330551C017294007B6F58 /* LaunchScreen.storyboard */,
				9DE330581C017294007B6F58 /* Info.plist */,
				9DE330501C017294007B6F58 /* pacr.xcdatamodeld */,
			);
			path = pacr;
			sourceTree = "<group>";
		};
		9DE330601C017296007B6F58 /* pacrTests */ = {
			isa = PBXGroup;
			children = (
				9DE330611C017296007B6F58 /* pacrTests.swift */,
				9DE330631C017296007B6F58 /* Info.plist */,
			);
			path = pacrTests;
			sourceTree = "<group>";
		};
		9DE3306B1C017296007B6F58 /* pacrUITests */ = {
			isa = PBXGroup;
			children = (
				9DE3306C1C017296007B6F58 /* pacrUITests.swift */,
				9DE3306E1C017296007B6F58 /* Info.plist */,
			);
			path = pacrUITests;
			sourceTree = "<group>";
		};
/* End PBXGroup section */

/* Begin PBXNativeTarget section */
		9DE330451C017294007B6F58 /* pacr */ = {
			isa = PBXNativeTarget;
			buildConfigurationList = 9DE330711C017296007B6F58 /* Build configuration list for PBXNativeTarget "pacr" */;
			buildPhases = (
				9DE330421C017294007B6F58 /* Sources */,
				9DE330431C017294007B6F58 /* Frameworks */,
				9DE330441C017294007B6F58 /* Resources */,
			);
			buildRules = (
			);
			dependencies = (
			);
			name = pacr;
			productName = pacr;
			productReference = 9DE330461C017294007B6F58 /* pacr.app */;
			productType = "com.apple.product-type.application";
		};
		9DE3305C1C017296007B6F58 /* pacrTests */ = {
			isa = PBXNativeTarget;
			buildConfigurationList = 9DE330741C017296007B6F58 /* Build configuration list for PBXNativeTarget "pacrTests" */;
			buildPhases = (
				9DE330591C017296007B6F58 /* Sources */,
				9DE3305A1C017296007B6F58 /* Frameworks */,
				9DE3305B1C017296007B6F58 /* Resources */,
			);
			buildRules = (
			);
			dependencies = (
				9DE3305F1C017296007B6F58 /* PBXTargetDependency */,
			);
			name = pacrTests;
			productName = pacrTests;
			productReference = 9DE3305D1C017296007B6F58 /* pacrTests.xctest */;
			productType = "com.apple.product-type.bundle.unit-test";
		};
		9DE330671C017296007B6F58 /* pacrUITests */ = {
			isa = PBXNativeTarget;
			buildConfigurationList = 9DE330771C017296007B6F58 /* Build configuration list for PBXNativeTarget "pacrUITests" */;
			buildPhases = (
				9DE330641C017296007B6F58 /* Sources */,
				9DE330651C017296007B6F58 /* Frameworks */,
				9DE330661C017296007B6F58 /* Resources */,
			);
			buildRules = (
			);
			dependencies = (
				9DE3306A1C017296007B6F58 /* PBXTargetDependency */,
			);
			name = pacrUITests;
			productName = pacrUITests;
			productReference = 9DE330681C017296007B6F58 /* pacrUITests.xctest */;
			productType = "com.apple.product-type.bundle.ui-testing";
		};
/* End PBXNativeTarget section */

/* Begin PBXProject section */
		9DE3303E1C017294007B6F58 /* Project object */ = {
			isa = PBXProject;
			attributes = {
				LastSwiftUpdateCheck = 0710;
				LastUpgradeCheck = 0710;
				ORGANIZATIONNAME = Whereone;
				TargetAttributes = {
					9DE330451C017294007B6F58 = {
						CreatedOnToolsVersion = 7.1.1;
					};
					9DE3305C1C017296007B6F58 = {
						CreatedOnToolsVersion = 7.1.1;
						TestTargetID = 9DE330451C017294007B6F58;
					};
					9DE330671C017296007B6F58 = {
						CreatedOnToolsVersion = 7.1.1;
						TestTargetID = 9DE330451C017294007B6F58;
					};
				};
			};
			buildConfigurationList = 9DE330411C017294007B6F58 /* Build configuration list for PBXProject "pacr" */;
			compatibilityVersion = "Xcode 3.2";
			developmentRegion = English;
			hasScannedForEncodings = 0;
			knownRegions = (
				en,
				Base,
			);
			mainGroup = 9DE3303D1C017294007B6F58;
			productRefGroup = 9DE330471C017294007B6F58 /* Products */;
			projectDirPath = "";
			projectRoot = "";
			targets = (
				9DE330451C017294007B6F58 /* pacr */,
				9DE3305C1C017296007B6F58 /* pacrTests */,
				9DE330671C017296007B6F58 /* pacrUITests */,
			);
		};
/* End PBXProject section */

/* Begin PBXResourcesBuildPhase section */
		9DE330441C017294007B6F58 /* Resources */ = {
			isa = PBXResourcesBuildPhase;
			buildActionMask = 2147483647;
			files = (
				9DE330571C017294007B6F58 /* LaunchScreen.storyboard in Resources */,
				9DE330541C017294007B6F58 /* Assets.xcassets in Resources */,
				9DE3304F1C017294007B6F58 /* Main.storyboard in Resources */,
			);
			runOnlyForDeploymentPostprocessing = 0;
		};
		9DE3305B1C017296007B6F58 /* Resources */ = {
			isa = PBXResourcesBuildPhase;
			buildActionMask = 2147483647;
			files = (
			);
			runOnlyForDeploymentPostprocessing = 0;
		};
		9DE330661C017296007B6F58 /* Resources */ = {
			isa = PBXResourcesBuildPhase;
			buildActionMask = 2147483647;
			files = (
			);
			runOnlyForDeploymentPostprocessing = 0;
		};
/* End PBXResourcesBuildPhase section */

/* Begin PBXSourcesBuildPhase section */
		9DE330421C017294007B6F58 /* Sources */ = {
			isa = PBXSourcesBuildPhase;
			buildActionMask = 2147483647;
			files = (
				9DE3304C1C017294007B6F58 /* ViewController.swift in Sources */,
				9DE330521C017294007B6F58 /* pacr.xcdatamodeld in Sources */,
				9DE3304A1C017294007B6F58 /* AppDelegate.swift in Sources */,
			);
			runOnlyForDeploymentPostprocessing = 0;
		};
		9DE330591C017296007B6F58 /* Sources */ = {
			isa = PBXSourcesBuildPhase;
			buildActionMask = 2147483647;
			files = (
				9DE330621C017296007B6F58 /* pacrTests.swift in Sources */,
			);
			runOnlyForDeploymentPostprocessing = 0;
		};
		9DE330641C017296007B6F58 /* Sources */ = {
			isa = PBXSourcesBuildPhase;
			buildActionMask = 2147483647;
			files = (
				9DE3306D1C017296007B6F58 /* pacrUITests.swift in Sources */,
			);
			runOnlyForDeploymentPostprocessing = 0;
		};
/* End PBXSourcesBuildPhase section */

/* Begin PBXTargetDependency section */
		9DE3305F1C017296007B6F58 /* PBXTargetDependency */ = {
			isa = PBXTargetDependency;
			target = 9DE330451C017294007B6F58 /* pacr */;
			targetProxy = 9DE3305E1C017296007B6F58 /* PBXContainerItemProxy */;
		};
		9DE3306A1C017296007B6F58 /* PBXTargetDependency */ = {
			isa = PBXTargetDependency;
			target = 9DE330451C017294007B6F58 /* pacr */;
			targetProxy = 9DE330691C017296007B6F58 /* PBXContainerItemProxy */;
		};
/* End PBXTargetDependency section */

/* Begin PBXVariantGroup section */
		9DE3304D1C017294007B6F58 /* Main.storyboard */ = {
			isa = PBXVariantGroup;
			children = (
				9DE3304E1C017294007B6F58 /* Base */,
			);
			name = Main.storyboard;
			sourceTree = "<group>";
		};
		9DE330551C017294007B6F58 /* LaunchScreen.storyboard */ = {
			isa = PBXVariantGroup;
			children = (
				9DE330561C017294007B6F58 /* Base */,
			);
			name = LaunchScreen.storyboard;
			sourceTree = "<group>";
		};
/* End PBXVariantGroup section */

/* Begin XCBuildConfiguration section */
		9DE3306F1C017296007B6F58 /* Debug */ = {
			isa = XCBuildConfiguration;
			buildSettings = {
				ALWAYS_SEARCH_USER_PATHS = NO;
				CLANG_CXX_LANGUAGE_STANDARD = "gnu++0x";
				CLANG_CXX_LIBRARY = "libc++";
				CLANG_ENABLE_MODULES = YES;
				CLANG_ENABLE_OBJC_ARC = YES;
				CLANG_WARN_BOOL_CONVERSION = YES;
				CLANG_WARN_CONSTANT_CONVERSION = YES;
				CLANG_WARN_DIRECT_OBJC_ISA_USAGE = YES_ERROR;
				CLANG_WARN_EMPTY_BODY = YES;
				CLANG_WARN_ENUM_CONVERSION = YES;
				CLANG_WARN_INT_CONVERSION = YES;
				CLANG_WARN_OBJC_ROOT_CLASS = YES_ERROR;
				CLANG_WARN_UNREACHABLE_CODE = YES;
				CLANG_WARN__DUPLICATE_METHOD_MATCH = YES;
				"CODE_SIGN_IDENTITY[sdk=iphoneos*]" = "iPhone Developer";
				COPY_PHASE_STRIP = NO;
				DEBUG_INFORMATION_FORMAT = dwarf;
				ENABLE_STRICT_OBJC_MSGSEND = YES;
				ENABLE_TESTABILITY = YES;
				GCC_C_LANGUAGE_STANDARD = gnu99;
				GCC_DYNAMIC_NO_PIC = NO;
				GCC_NO_COMMON_BLOCKS = YES;
				GCC_OPTIMIZATION_LEVEL = 0;
				GCC_PREPROCESSOR_DEFINITIONS = (
					"DEBUG=1",
					"$(inherited)",
				);
				GCC_WARN_64_TO_32_BIT_CONVERSION = YES;
				GCC_WARN_ABOUT_RETURN_TYPE = YES_ERROR;
				GCC_WARN_UNDECLARED_SELECTOR = YES;
				GCC_WARN_UNINITIALIZED_AUTOS = YES_AGGRESSIVE;
				GCC_WARN_UNUSED_FUNCTION = YES;
				GCC_WARN_UNUSED_VARIABLE = YES;
				IPHONEOS_DEPLOYMENT_TARGET = 9.1;
				MTL_ENABLE_DEBUG_INFO = YES;
				ONLY_ACTIVE_ARCH = YES;
				SDKROOT = iphoneos;
				SWIFT_OPTIMIZATION_LEVEL = "-Onone";
			};
			name = Debug;
		};
		9DE330701C017296007B6F58 /* Release */ = {
			isa = XCBuildConfiguration;
			buildSettings = {
				ALWAYS_SEARCH_USER_PATHS = NO;
				CLANG_CXX_LANGUAGE_STANDARD = "gnu++0x";
				CLANG_CXX_LIBRARY = "libc++";
				CLANG_ENABLE_MODULES = YES;
				CLANG_ENABLE_OBJC_ARC = YES;
				CLANG_WARN_BOOL_CONVERSION = YES;
				CLANG_WARN_CONSTANT_CONVERSION = YES;
				CLANG_WARN_DIRECT_OBJC_ISA_USAGE = YES_ERROR;
				CLANG_WARN_EMPTY_BODY = YES;
				CLANG_WARN_ENUM_CONVERSION = YES;
				CLANG_WARN_INT_CONVERSION = YES;
				CLANG_WARN_OBJC_ROOT_CLASS = YES_ERROR;
				CLANG_WARN_UNREACHABLE_CODE = YES;
				CLANG_WARN__DUPLICATE_METHOD_MATCH = YES;
				"CODE_SIGN_IDENTITY[sdk=iphoneos*]" = "iPhone Developer";
				COPY_PHASE_STRIP = NO;
				DEBUG_INFORMATION_FORMAT = "dwarf-with-dsym";
				ENABLE_NS_ASSERTIONS = NO;
				ENABLE_STRICT_OBJC_MSGSEND = YES;
				GCC_C_LANGUAGE_STANDARD = gnu99;
				GCC_NO_COMMON_BLOCKS = YES;
				GCC_WARN_64_TO_32_BIT_CONVERSION = YES;
				GCC_WARN_ABOUT_RETURN_TYPE = YES_ERROR;
				GCC_WARN_UNDECLARED_SELECTOR = YES;
				GCC_WARN_UNINITIALIZED_AUTOS = YES_AGGRESSIVE;
				GCC_WARN_UNUSED_FUNCTION = YES;
				GCC_WARN_UNUSED_VARIABLE = YES;
				IPHONEOS_DEPLOYMENT_TARGET = 9.1;
				MTL_ENABLE_DEBUG_INFO = NO;
				SDKROOT = iphoneos;
				VALIDATE_PRODUCT = YES;
			};
			name = Release;
		};
		9DE330721C017296007B6F58 /* Debug */ = {
			isa = XCBuildConfiguration;
			buildSettings = {
				ASSETCATALOG_COMPILER_APPICON_NAME = AppIcon;
				INFOPLIST_FILE = pacr/Info.plist;
				LD_RUNPATH_SEARCH_PATHS = "$(inherited) @executable_path/Frameworks";
				PRODUCT_BUNDLE_IDENTIFIER = com.whereone.pacr;
				PRODUCT_NAME = "$(TARGET_NAME)";
			};
			name = Debug;
		};
		9DE330731C017296007B6F58 /* Release */ = {
			isa = XCBuildConfiguration;
			buildSettings = {
				ASSETCATALOG_COMPILER_APPICON_NAME = AppIcon;
				INFOPLIST_FILE = pacr/Info.plist;
				LD_RUNPATH_SEARCH_PATHS = "$(inherited) @executable_path/Frameworks";
				PRODUCT_BUNDLE_IDENTIFIER = com.whereone.pacr;
				PRODUCT_NAME = "$(TARGET_NAME)";
			};
			name = Release;
		};
		9DE330751C017296007B6F58 /* Debug */ = {
			isa = XCBuildConfiguration;
			buildSettings = {
				BUNDLE_LOADER = "$(TEST_HOST)";
				INFOPLIST_FILE = pacrTests/Info.plist;
				LD_RUNPATH_SEARCH_PATHS = "$(inherited) @executable_path/Frameworks @loader_path/Frameworks";
				PRODUCT_BUNDLE_IDENTIFIER = com.whereone.pacrTests;
				PRODUCT_NAME = "$(TARGET_NAME)";
				TEST_HOST = "$(BUILT_PRODUCTS_DIR)/pacr.app/pacr";
			};
			name = Debug;
		};
		9DE330761C017296007B6F58 /* Release */ = {
			isa = XCBuildConfiguration;
			buildSettings = {
				BUNDLE_LOADER = "$(TEST_HOST)";
				INFOPLIST_FILE = pacrTests/Info.plist;
				LD_RUNPATH_SEARCH_PATHS = "$(inherited) @executable_path/Frameworks @loader_path/Frameworks";
				PRODUCT_BUNDLE_IDENTIFIER = com.whereone.pacrTests;
				PRODUCT_NAME = "$(TARGET_NAME)";
				TEST_HOST = "$(BUILT_PRODUCTS_DIR)/pacr.app/pacr";
			};
			name = Release;
		};
		9DE330781C017296007B6F58 /* Debug */ = {
			isa = XCBuildConfiguration;
			buildSettings = {
				INFOPLIST_FILE = pacrUITests/Info.plist;
				LD_RUNPATH_SEARCH_PATHS = "$(inherited) @executable_path/Frameworks @loader_path/Frameworks";
				PRODUCT_BUNDLE_IDENTIFIER = com.whereone.pacrUITests;
				PRODUCT_NAME = "$(TARGET_NAME)";
				TEST_TARGET_NAME = pacr;
				USES_XCTRUNNER = YES;
			};
			name = Debug;
		};
		9DE330791C017296007B6F58 /* Release */ = {
			isa = XCBuildConfiguration;
			buildSettings = {
				INFOPLIST_FILE = pacrUITests/Info.plist;
				LD_RUNPATH_SEARCH_PATHS = "$(inherited) @executable_path/Frameworks @loader_path/Frameworks";
				PRODUCT_BUNDLE_IDENTIFIER = com.whereone.pacrUITests;
				PRODUCT_NAME = "$(TARGET_NAME)";
				TEST_TARGET_NAME = pacr;
				USES_XCTRUNNER = YES;
			};
			name = Release;
		};
/* End XCBuildConfiguration section */

/* Begin XCConfigurationList section */
		9DE330411C017294007B6F58 /* Build configuration list for PBXProject "pacr" */ = {
			isa = XCConfigurationList;
			buildConfigurations = (
				9DE3306F1C017296007B6F58 /* Debug */,
				9DE330701C017296007B6F58 /* Release */,
			);
			defaultConfigurationIsVisible = 0;
			defaultConfigurationName = Release;
		};
		9DE330711C017296007B6F58 /* Build configuration list for PBXNativeTarget "pacr" */ = {
			isa = XCConfigurationList;
			buildConfigurations = (
				9DE330721C017296007B6F58 /* Debug */,
				9DE330731C017296007B6F58 /* Release */,
			);
			defaultConfigurationIsVisible = 0;
		};
		9DE330741C017296007B6F58 /* Build configuration list for PBXNativeTarget "pacrTests" */ = {
			isa = XCConfigurationList;
			buildConfigurations = (
				9DE330751C017296007B6F58 /* Debug */,
				9DE330761C017296007B6F58 /* Release */,
			);
			defaultConfigurationIsVisible = 0;
		};
		9DE330771C017296007B6F58 /* Build configuration list for PBXNativeTarget "pacrUITests" */ = {
			isa = XCConfigurationList;
			buildConfigurations = (
				9DE330781C017296007B6F58 /* Debug */,
				9DE330791C017296007B6F58 /* Release */,
			);
			defaultConfigurationIsVisible = 0;
		};
/* End XCConfigurationList section */

/* Begin XCVersionGroup section */
		9DE330501C017294007B6F58 /* pacr.xcdatamodeld */ = {
			isa = XCVersionGroup;
			children = (
				9DE330511C017294007B6F58 /* pacr.xcdatamodel */,
			);
			currentVersion = 9DE330511C017294007B6F58 /* pacr.xcdatamodel */;
			path = pacr.xcdatamodeld;
			sourceTree = "<group>";
			versionGroupType = wrapper.xcdatamodel;
		};
/* End XCVersionGroup section */
	};
	rootObject = 9DE3303E1C017294007B6F58 /* Project object */;
}
